
Microsoft Visual Studio Solution File, Format Version 12.00
# Visual Studio Version 17
VisualStudioVersion = 17.9.34607.119
MinimumVisualStudioVersion = 10.0.40219.1
Project("{FAE04EC0-301F-11D3-BF4B-00C04F79EFBC}") = "BUG", "BUG\BUG.csproj", "{00E24537-9AA6-42DE-BAC3-97AE9C71EC58}"
EndProject
Project("{54435603-DBB4-11D2-8724-00A0C9A8B90C}") = "BUG_MNG1", "BUG_MNG1\BUG_MNG1.vdproj", "{AE9BDB61-7C7D-4151-BF3D-2B491268159F}"
EndProject
Global
	GlobalSection(SolutionConfigurationPlatforms) = preSolution
		Debug|Any CPU = Debug|Any CPU
		Release|Any CPU = Release|Any CPU
	EndGlobalSection
	GlobalSection(ProjectConfigurationPlatforms) = postSolution
		{00E24537-9AA6-42DE-BAC3-97AE9C71EC58}.Debug|Any CPU.ActiveCfg = Debug|Any CPU
		{00E24537-9AA6-42DE-BAC3-97AE9C71EC58}.Debug|Any CPU.Build.0 = Debug|Any CPU
		{00E24537-9AA6-42DE-BAC3-97AE9C71EC58}.Release|Any CPU.ActiveCfg = Release|Any CPU
		{00E24537-9AA6-42DE-BAC3-97AE9C71EC58}.Release|Any CPU.Build.0 = Release|Any CPU
		{AE9BDB61-7C7D-4151-BF3D-2B491268159F}.Debug|Any CPU.ActiveCfg = Debug
		{AE9BDB61-7C7D-4151-BF3D-2B491268159F}.Release|Any CPU.ActiveCfg = Release
	EndGlobalSection
	GlobalSection(SolutionProperties) = preSolution
		HideSolutionNode = FALSE
	EndGlobalSection
	GlobalSection(ExtensibilityGlobals) = postSolution
		SolutionGuid = {39882A29-1BFA-470F-A752-FF8ED92A2738}
	EndGlobalSection
EndGlobal
